
Microsoft Visual Studio Solution File, Format Version 12.00
# Visual Studio 14
VisualStudioVersion = 14.0.25420.1
MinimumVisualStudioVersion = 10.0.40219.1
Project("{FAE04EC0-301F-11D3-BF4B-00C04F79EFBC}") = "Arcane.Messaging", "Arcane.Messaging\Arcane.Messaging.csproj", "{4E4265AB-18D1-4CD8-B2A3-D979E50558E7}"
EndProject
Project("{FAE04EC0-301F-11D3-BF4B-00C04F79EFBC}") = "Arcane.Messaging.Azure", "Arcane.Messaging.Azure\Arcane.Messaging.Azure.csproj", "{08B9FAB6-2E41-4754-9C74-78B8E19BD776}"
EndProject
Project("{FAE04EC0-301F-11D3-BF4B-00C04F79EFBC}") = "Arcane.Messaging.Azure.Owin", "Arcane.Messaging.Azure.Owin\Arcane.Messaging.Azure.Owin.csproj", "{9EB5F8CE-C895-4389-A85F-978104F69479}"
EndProject
Project("{FAE04EC0-301F-11D3-BF4B-00C04F79EFBC}") = "Arcane.Messaging.Tests", "Arcane.Messaging.Tests\Arcane.Messaging.Tests.csproj", "{FFB49C82-4F04-47C8-88A1-174C083D726D}"
EndProject
Project("{2150E333-8FDC-42A3-9474-1A3956D46DE8}") = "Rules", "Rules", "{E95D7F42-EEE2-4E05-8B8E-32869EB3FA74}"
	ProjectSection(SolutionItems) = preProject
		Rules\Arcane.Messaging.Dictionary.xml = Rules\Arcane.Messaging.Dictionary.xml
		Rules\Arcane.Messaging.ruleset = Rules\Arcane.Messaging.ruleset
		Rules\Arcane.Messaging.Tests.ruleset = Rules\Arcane.Messaging.Tests.ruleset
	EndProjectSection
EndProject
Global
	GlobalSection(SolutionConfigurationPlatforms) = preSolution
		Debug|Any CPU = Debug|Any CPU
		Release|Any CPU = Release|Any CPU
	EndGlobalSection
	GlobalSection(ProjectConfigurationPlatforms) = postSolution
		{4E4265AB-18D1-4CD8-B2A3-D979E50558E7}.Debug|Any CPU.ActiveCfg = Debug|Any CPU
		{4E4265AB-18D1-4CD8-B2A3-D979E50558E7}.Debug|Any CPU.Build.0 = Debug|Any CPU
		{4E4265AB-18D1-4CD8-B2A3-D979E50558E7}.Release|Any CPU.ActiveCfg = Release|Any CPU
		{4E4265AB-18D1-4CD8-B2A3-D979E50558E7}.Release|Any CPU.Build.0 = Release|Any CPU
		{08B9FAB6-2E41-4754-9C74-78B8E19BD776}.Debug|Any CPU.ActiveCfg = Debug|Any CPU
		{08B9FAB6-2E41-4754-9C74-78B8E19BD776}.Debug|Any CPU.Build.0 = Debug|Any CPU
		{08B9FAB6-2E41-4754-9C74-78B8E19BD776}.Release|Any CPU.ActiveCfg = Release|Any CPU
		{08B9FAB6-2E41-4754-9C74-78B8E19BD776}.Release|Any CPU.Build.0 = Release|Any CPU
		{9EB5F8CE-C895-4389-A85F-978104F69479}.Debug|Any CPU.ActiveCfg = Debug|Any CPU
		{9EB5F8CE-C895-4389-A85F-978104F69479}.Debug|Any CPU.Build.0 = Debug|Any CPU
		{9EB5F8CE-C895-4389-A85F-978104F69479}.Release|Any CPU.ActiveCfg = Release|Any CPU
		{9EB5F8CE-C895-4389-A85F-978104F69479}.Release|Any CPU.Build.0 = Release|Any CPU
		{FFB49C82-4F04-47C8-88A1-174C083D726D}.Debug|Any CPU.ActiveCfg = Debug|Any CPU
		{FFB49C82-4F04-47C8-88A1-174C083D726D}.Debug|Any CPU.Build.0 = Debug|Any CPU
		{FFB49C82-4F04-47C8-88A1-174C083D726D}.Release|Any CPU.ActiveCfg = Release|Any CPU
		{FFB49C82-4F04-47C8-88A1-174C083D726D}.Release|Any CPU.Build.0 = Release|Any CPU
	EndGlobalSection
	GlobalSection(SolutionProperties) = preSolution
		HideSolutionNode = FALSE
	EndGlobalSection
EndGlobal
