
Microsoft Visual Studio Solution File, Format Version 12.00
# Visual Studio 15
VisualStudioVersion = 15.0.26730.12
MinimumVisualStudioVersion = 10.0.40219.1
Project("{FAE04EC0-301F-11D3-BF4B-00C04F79EFBC}") = "Khala.Messaging", "Khala.Messaging\Khala.Messaging.csproj", "{989D5DE1-B30B-4BC5-9CB1-BF23EC560B84}"
EndProject
Project("{2150E333-8FDC-42A3-9474-1A3956D46DE8}") = "Rules", "Rules", "{233BCB29-1F2E-432C-B825-7F54FF4BD64E}"
	ProjectSection(SolutionItems) = preProject
		Rules\Khala.Messaging.Dictionary.xml = Rules\Khala.Messaging.Dictionary.xml
		Rules\Khala.Messaging.ruleset = Rules\Khala.Messaging.ruleset
		Rules\Khala.Messaging.Tests.ruleset = Rules\Khala.Messaging.Tests.ruleset
	EndProjectSection
EndProject
Project("{FAE04EC0-301F-11D3-BF4B-00C04F79EFBC}") = "Khala.Messaging.Azure", "Khala.Messaging.Azure\Khala.Messaging.Azure.csproj", "{56A2971B-AE27-4068-B14A-BD783375BCA5}"
EndProject
Project("{FAE04EC0-301F-11D3-BF4B-00C04F79EFBC}") = "Khala.Messaging.Azure.Owin", "Khala.Messaging.Azure.Owin\Khala.Messaging.Azure.Owin.csproj", "{86F451DA-8011-4DF3-A762-F8517BF0FC54}"
EndProject
Project("{FAE04EC0-301F-11D3-BF4B-00C04F79EFBC}") = "Khala.Messaging.Tests", "Khala.Messaging.Tests\Khala.Messaging.Tests.csproj", "{A619E521-3C1A-4210-9B5E-A285DAF7F5BD}"
EndProject
Project("{FAE04EC0-301F-11D3-BF4B-00C04F79EFBC}") = "Khala.Messaging.Contracts", "Khala.Messaging.Contracts\Khala.Messaging.Contracts.csproj", "{008045D5-BAF2-43CE-ACD6-F5583845D2A5}"
EndProject
Global
	GlobalSection(SolutionConfigurationPlatforms) = preSolution
		Debug|Any CPU = Debug|Any CPU
		Release|Any CPU = Release|Any CPU
	EndGlobalSection
	GlobalSection(ProjectConfigurationPlatforms) = postSolution
		{989D5DE1-B30B-4BC5-9CB1-BF23EC560B84}.Debug|Any CPU.ActiveCfg = Debug|Any CPU
		{989D5DE1-B30B-4BC5-9CB1-BF23EC560B84}.Debug|Any CPU.Build.0 = Debug|Any CPU
		{989D5DE1-B30B-4BC5-9CB1-BF23EC560B84}.Release|Any CPU.ActiveCfg = Release|Any CPU
		{989D5DE1-B30B-4BC5-9CB1-BF23EC560B84}.Release|Any CPU.Build.0 = Release|Any CPU
		{56A2971B-AE27-4068-B14A-BD783375BCA5}.Debug|Any CPU.ActiveCfg = Debug|Any CPU
		{56A2971B-AE27-4068-B14A-BD783375BCA5}.Debug|Any CPU.Build.0 = Debug|Any CPU
		{56A2971B-AE27-4068-B14A-BD783375BCA5}.Release|Any CPU.ActiveCfg = Release|Any CPU
		{56A2971B-AE27-4068-B14A-BD783375BCA5}.Release|Any CPU.Build.0 = Release|Any CPU
		{86F451DA-8011-4DF3-A762-F8517BF0FC54}.Debug|Any CPU.ActiveCfg = Debug|Any CPU
		{86F451DA-8011-4DF3-A762-F8517BF0FC54}.Debug|Any CPU.Build.0 = Debug|Any CPU
		{86F451DA-8011-4DF3-A762-F8517BF0FC54}.Release|Any CPU.ActiveCfg = Release|Any CPU
		{86F451DA-8011-4DF3-A762-F8517BF0FC54}.Release|Any CPU.Build.0 = Release|Any CPU
		{A619E521-3C1A-4210-9B5E-A285DAF7F5BD}.Debug|Any CPU.ActiveCfg = Debug|Any CPU
		{A619E521-3C1A-4210-9B5E-A285DAF7F5BD}.Debug|Any CPU.Build.0 = Debug|Any CPU
		{A619E521-3C1A-4210-9B5E-A285DAF7F5BD}.Release|Any CPU.ActiveCfg = Release|Any CPU
		{A619E521-3C1A-4210-9B5E-A285DAF7F5BD}.Release|Any CPU.Build.0 = Release|Any CPU
		{008045D5-BAF2-43CE-ACD6-F5583845D2A5}.Debug|Any CPU.ActiveCfg = Debug|Any CPU
		{008045D5-BAF2-43CE-ACD6-F5583845D2A5}.Debug|Any CPU.Build.0 = Debug|Any CPU
		{008045D5-BAF2-43CE-ACD6-F5583845D2A5}.Release|Any CPU.ActiveCfg = Release|Any CPU
		{008045D5-BAF2-43CE-ACD6-F5583845D2A5}.Release|Any CPU.Build.0 = Release|Any CPU
	EndGlobalSection
	GlobalSection(SolutionProperties) = preSolution
		HideSolutionNode = FALSE
	EndGlobalSection
	GlobalSection(ExtensibilityGlobals) = postSolution
		SolutionGuid = {7B81D1A7-B481-489D-A25D-58F2D7DFB53A}
	EndGlobalSection
EndGlobal
