
Microsoft Visual Studio Solution File, Format Version 12.00
# Visual Studio 15
VisualStudioVersion = 15.0.27130.2024
MinimumVisualStudioVersion = 10.0.40219.1
Project("{2150E333-8FDC-42A3-9474-1A3956D46DE8}") = "Rules", "Rules", "{233BCB29-1F2E-432C-B825-7F54FF4BD64E}"
	ProjectSection(SolutionItems) = preProject
		Rules\Khala.Messaging.Dictionary.xml = Rules\Khala.Messaging.Dictionary.xml
		Rules\Khala.Messaging.ruleset = Rules\Khala.Messaging.ruleset
		Rules\Khala.Messaging.Tests.ruleset = Rules\Khala.Messaging.Tests.ruleset
	EndProjectSection
EndProject
Project("{9A19103F-16F7-4668-BE54-9A1E7A4F7556}") = "Khala.Messaging.Contracts", "Khala.Messaging.Contracts\Khala.Messaging.Contracts.csproj", "{D4BE37C8-D223-4FFA-B148-AD43119FAB36}"
EndProject
Project("{9A19103F-16F7-4668-BE54-9A1E7A4F7556}") = "Khala.Messaging.Abstraction", "Khala.Messaging.Abstraction\Khala.Messaging.Abstraction.csproj", "{627A5BA8-EB5D-484E-A1AD-22DF556521D5}"
EndProject
Project("{9A19103F-16F7-4668-BE54-9A1E7A4F7556}") = "Khala.Messaging.Azure", "Khala.Messaging.Azure\Khala.Messaging.Azure.csproj", "{A05BC51B-67D8-4DB8-B789-102C370A6C5D}"
EndProject
Project("{9A19103F-16F7-4668-BE54-9A1E7A4F7556}") = "Khala.Messaging.Tests", "Khala.Messaging.Tests\Khala.Messaging.Tests.csproj", "{A619E521-3C1A-4210-9B5E-A285DAF7F5BD}"
EndProject
Global
	GlobalSection(SolutionConfigurationPlatforms) = preSolution
		Debug|Any CPU = Debug|Any CPU
		Release|Any CPU = Release|Any CPU
	EndGlobalSection
	GlobalSection(ProjectConfigurationPlatforms) = postSolution
		{D4BE37C8-D223-4FFA-B148-AD43119FAB36}.Debug|Any CPU.ActiveCfg = Debug|Any CPU
		{D4BE37C8-D223-4FFA-B148-AD43119FAB36}.Debug|Any CPU.Build.0 = Debug|Any CPU
		{D4BE37C8-D223-4FFA-B148-AD43119FAB36}.Release|Any CPU.ActiveCfg = Release|Any CPU
		{D4BE37C8-D223-4FFA-B148-AD43119FAB36}.Release|Any CPU.Build.0 = Release|Any CPU
		{627A5BA8-EB5D-484E-A1AD-22DF556521D5}.Debug|Any CPU.ActiveCfg = Debug|Any CPU
		{627A5BA8-EB5D-484E-A1AD-22DF556521D5}.Debug|Any CPU.Build.0 = Debug|Any CPU
		{627A5BA8-EB5D-484E-A1AD-22DF556521D5}.Release|Any CPU.ActiveCfg = Release|Any CPU
		{627A5BA8-EB5D-484E-A1AD-22DF556521D5}.Release|Any CPU.Build.0 = Release|Any CPU
		{A05BC51B-67D8-4DB8-B789-102C370A6C5D}.Debug|Any CPU.ActiveCfg = Debug|Any CPU
		{A05BC51B-67D8-4DB8-B789-102C370A6C5D}.Debug|Any CPU.Build.0 = Debug|Any CPU
		{A05BC51B-67D8-4DB8-B789-102C370A6C5D}.Release|Any CPU.ActiveCfg = Release|Any CPU
		{A05BC51B-67D8-4DB8-B789-102C370A6C5D}.Release|Any CPU.Build.0 = Release|Any CPU
		{A619E521-3C1A-4210-9B5E-A285DAF7F5BD}.Debug|Any CPU.ActiveCfg = Debug|Any CPU
		{A619E521-3C1A-4210-9B5E-A285DAF7F5BD}.Debug|Any CPU.Build.0 = Debug|Any CPU
		{A619E521-3C1A-4210-9B5E-A285DAF7F5BD}.Release|Any CPU.ActiveCfg = Release|Any CPU
		{A619E521-3C1A-4210-9B5E-A285DAF7F5BD}.Release|Any CPU.Build.0 = Release|Any CPU
	EndGlobalSection
	GlobalSection(SolutionProperties) = preSolution
		HideSolutionNode = FALSE
	EndGlobalSection
	GlobalSection(ExtensibilityGlobals) = postSolution
		SolutionGuid = {7B81D1A7-B481-489D-A25D-58F2D7DFB53A}
	EndGlobalSection
EndGlobal
