
Microsoft Visual Studio Solution File, Format Version 12.00
# Visual Studio 14
VisualStudioVersion = 14.0.25420.1
MinimumVisualStudioVersion = 10.0.40219.1
Project("{FAE04EC0-301F-11D3-BF4B-00C04F79EFBC}") = "RA.Messaging.Core", "RA.Messaging.Core\RA.Messaging.Core.csproj", "{A158764D-DA9E-4302-8C21-3B71F4E09802}"
EndProject
Project("{FAE04EC0-301F-11D3-BF4B-00C04F79EFBC}") = "RA.Messaging.Tests", "RA.Messaging.Tests\RA.Messaging.Tests.csproj", "{3CCDAC60-7D80-4754-886D-AD70FF4A21B6}"
EndProject
Project("{FAE04EC0-301F-11D3-BF4B-00C04F79EFBC}") = "RA.Messaging.Azure", "RA.Messaging.Azure\RA.Messaging.Azure.csproj", "{2A5F396F-C3E1-4C37-BB6B-4ED2BF207DE6}"
EndProject
Project("{FAE04EC0-301F-11D3-BF4B-00C04F79EFBC}") = "RA.Messaging.Azure.Owin", "RA.Messaging.Azure.Owin\RA.Messaging.Azure.Owin.csproj", "{9B741CD8-B9DB-467B-A630-05D9D6CFBF2D}"
EndProject
Project("{2150E333-8FDC-42A3-9474-1A3956D46DE8}") = "nuget", "nuget", "{8ADE4298-3784-41D0-9516-37F1A00931C7}"
	ProjectSection(SolutionItems) = preProject
		..\nuget\RA.Messaging.Azure.nuspec = ..\nuget\RA.Messaging.Azure.nuspec
		..\nuget\RA.Messaging.Azure.Owin.nuspec = ..\nuget\RA.Messaging.Azure.Owin.nuspec
		..\nuget\RA.Messaging.Core.nuspec = ..\nuget\RA.Messaging.Core.nuspec
	EndProjectSection
EndProject
Global
	GlobalSection(SolutionConfigurationPlatforms) = preSolution
		Debug|Any CPU = Debug|Any CPU
		Release|Any CPU = Release|Any CPU
	EndGlobalSection
	GlobalSection(ProjectConfigurationPlatforms) = postSolution
		{A158764D-DA9E-4302-8C21-3B71F4E09802}.Debug|Any CPU.ActiveCfg = Debug|Any CPU
		{A158764D-DA9E-4302-8C21-3B71F4E09802}.Debug|Any CPU.Build.0 = Debug|Any CPU
		{A158764D-DA9E-4302-8C21-3B71F4E09802}.Release|Any CPU.ActiveCfg = Release|Any CPU
		{A158764D-DA9E-4302-8C21-3B71F4E09802}.Release|Any CPU.Build.0 = Release|Any CPU
		{3CCDAC60-7D80-4754-886D-AD70FF4A21B6}.Debug|Any CPU.ActiveCfg = Debug|Any CPU
		{3CCDAC60-7D80-4754-886D-AD70FF4A21B6}.Debug|Any CPU.Build.0 = Debug|Any CPU
		{3CCDAC60-7D80-4754-886D-AD70FF4A21B6}.Release|Any CPU.ActiveCfg = Release|Any CPU
		{3CCDAC60-7D80-4754-886D-AD70FF4A21B6}.Release|Any CPU.Build.0 = Release|Any CPU
		{2A5F396F-C3E1-4C37-BB6B-4ED2BF207DE6}.Debug|Any CPU.ActiveCfg = Debug|Any CPU
		{2A5F396F-C3E1-4C37-BB6B-4ED2BF207DE6}.Debug|Any CPU.Build.0 = Debug|Any CPU
		{2A5F396F-C3E1-4C37-BB6B-4ED2BF207DE6}.Release|Any CPU.ActiveCfg = Release|Any CPU
		{2A5F396F-C3E1-4C37-BB6B-4ED2BF207DE6}.Release|Any CPU.Build.0 = Release|Any CPU
		{9B741CD8-B9DB-467B-A630-05D9D6CFBF2D}.Debug|Any CPU.ActiveCfg = Debug|Any CPU
		{9B741CD8-B9DB-467B-A630-05D9D6CFBF2D}.Debug|Any CPU.Build.0 = Debug|Any CPU
		{9B741CD8-B9DB-467B-A630-05D9D6CFBF2D}.Release|Any CPU.ActiveCfg = Release|Any CPU
		{9B741CD8-B9DB-467B-A630-05D9D6CFBF2D}.Release|Any CPU.Build.0 = Release|Any CPU
	EndGlobalSection
	GlobalSection(SolutionProperties) = preSolution
		HideSolutionNode = FALSE
	EndGlobalSection
EndGlobal
